
Microsoft Visual Studio Solution File, Format Version 12.00
# Visual Studio Version 17
VisualStudioVersion = 17.4.33205.214
MinimumVisualStudioVersion = 10.0.40219.1
Project("{FAE04EC0-301F-11D3-BF4B-00C04F79EFBC}") = "VisualStudio.Shell.UI", "VisualStudio.Shell.UI\VisualStudio.Shell.UI.csproj", "{53908E86-7B7D-4482-9E42-EEEF787A9A32}"
EndProject
Project("{FAE04EC0-301F-11D3-BF4B-00C04F79EFBC}") = "VisualStudio.Shell.UI.Showcase", "VisualStudio.Shell.UI.Showcase\VisualStudio.Shell.UI.Showcase.csproj", "{D5655550-6A84-43DA-96B5-3B2FA729DCA3}"
EndProject
Global
	GlobalSection(SolutionConfigurationPlatforms) = preSolution
		Debug|Any CPU = Debug|Any CPU
		Release|Any CPU = Release|Any CPU
	EndGlobalSection
	GlobalSection(ProjectConfigurationPlatforms) = postSolution
		{53908E86-7B7D-4482-9E42-EEEF787A9A32}.Debug|Any CPU.ActiveCfg = Debug|Any CPU
		{53908E86-7B7D-4482-9E42-EEEF787A9A32}.Debug|Any CPU.Build.0 = Debug|Any CPU
		{53908E86-7B7D-4482-9E42-EEEF787A9A32}.Release|Any CPU.ActiveCfg = Release|Any CPU
		{53908E86-7B7D-4482-9E42-EEEF787A9A32}.Release|Any CPU.Build.0 = Release|Any CPU
		{D5655550-6A84-43DA-96B5-3B2FA729DCA3}.Debug|Any CPU.ActiveCfg = Debug|Any CPU
		{D5655550-6A84-43DA-96B5-3B2FA729DCA3}.Debug|Any CPU.Build.0 = Debug|Any CPU
		{D5655550-6A84-43DA-96B5-3B2FA729DCA3}.Release|Any CPU.ActiveCfg = Release|Any CPU
		{D5655550-6A84-43DA-96B5-3B2FA729DCA3}.Release|Any CPU.Build.0 = Release|Any CPU
	EndGlobalSection
	GlobalSection(SolutionProperties) = preSolution
		HideSolutionNode = FALSE
	EndGlobalSection
	GlobalSection(ExtensibilityGlobals) = postSolution
		SolutionGuid = {3469A940-F5DF-462E-92D6-150811D9978F}
	EndGlobalSection
EndGlobal
